PODS:
  - MapLibre (6.14.0)
  - shared (1.0):
    - MapLibre (= 6.14.0)

DEPENDENCIES:
  - shared (from `../shared`)

SPEC REPOS:
  trunk:
    - MapLibre

EXTERNAL SOURCES:
  shared:
    :path: "../shared"

SPEC CHECKSUMS:
  MapLibre: 69e572367f4ef6287e18246cfafc39c80cdcabcd
  shared: 679b0415ac42951bada730f089122fe97c282da7

PODFILE CHECKSUM: 15ed0b3ef87f2ff58406f86a6ef79a4000802135

COCOAPODS: 1.16.2
